
Microsoft Visual Studio Solution File, Format Version 12.00
# Visual Studio Version 16
VisualStudioVersion = 16.0.30503.244
MinimumVisualStudioVersion = 10.0.40219.1
Project("{FAE04EC0-301F-11D3-BF4B-00C04F79EFBC}") = "AdventLibrary", "Advent2020\AdventLibrary.csproj", "{B61F2B01-E1C6-4961-B6AA-C2B632A81C01}"
EndProject
Project("{FAE04EC0-301F-11D3-BF4B-00C04F79EFBC}") = "Advent2020Tests", "Advent2020Tests\Advent2020Tests.csproj", "{A067C36F-FFA8-4984-A6FB-79827B9985A0}"
EndProject
Global
	GlobalSection(SolutionConfigurationPlatforms) = preSolution
		Debug|Any CPU = Debug|Any CPU
		Release|Any CPU = Release|Any CPU
	EndGlobalSection
	GlobalSection(ProjectConfigurationPlatforms) = postSolution
		{B61F2B01-E1C6-4961-B6AA-C2B632A81C01}.Debug|Any CPU.ActiveCfg = Debug|Any CPU
		{B61F2B01-E1C6-4961-B6AA-C2B632A81C01}.Debug|Any CPU.Build.0 = Debug|Any CPU
		{B61F2B01-E1C6-4961-B6AA-C2B632A81C01}.Release|Any CPU.ActiveCfg = Release|Any CPU
		{B61F2B01-E1C6-4961-B6AA-C2B632A81C01}.Release|Any CPU.Build.0 = Release|Any CPU
		{A067C36F-FFA8-4984-A6FB-79827B9985A0}.Debug|Any CPU.ActiveCfg = Debug|Any CPU
		{A067C36F-FFA8-4984-A6FB-79827B9985A0}.Debug|Any CPU.Build.0 = Debug|Any CPU
		{A067C36F-FFA8-4984-A6FB-79827B9985A0}.Release|Any CPU.ActiveCfg = Release|Any CPU
		{A067C36F-FFA8-4984-A6FB-79827B9985A0}.Release|Any CPU.Build.0 = Release|Any CPU
	EndGlobalSection
	GlobalSection(SolutionProperties) = preSolution
		HideSolutionNode = FALSE
	EndGlobalSection
	GlobalSection(ExtensibilityGlobals) = postSolution
		SolutionGuid = {9771828F-6C74-47F8-A249-132CD65A45C1}
	EndGlobalSection
EndGlobal
